schema: '2.0'
stages:
  train:
    cmd: python train.py
    deps:
    - path: data
      hash: md5
      md5: 21060888834f7220846d1c6f6c04e649.dir
      size: 64128504
      nfiles: 2800
    - path: train.py
      hash: md5
      md5: c3256f832812221d680d50b296ecf08c
      size: 4490
    outs:
    - path: metrics.csv
      hash: md5
      md5: 36f14c44dd5cc76e8b1956ffa7a0be69
      size: 825
    - path: model.weights.h5
      hash: md5
      md5: 0f9c92fd07b6adb7cc412a1a3dcdb326
      size: 17136904
  train_live:
    cmd: python train_live.py
    deps:
    - path: data
      hash: md5
      md5: 21060888834f7220846d1c6f6c04e649.dir
      size: 64128504
      nfiles: 2800
    - path: train_live.py
      hash: md5
      md5: 61f07361dcf64d17de19c8ce996ae09d
      size: 5229
    outs:
    - path: metrics_live.csv
      hash: md5
      md5: e7541f2977c2ddb3b307200d487ec9fb
      size: 842
    - path: model_live.weights.h5
      hash: md5
      md5: ba78000595580bac00555b7434a2f0ee
      size: 17136904
    - path: mymodel_live.h5
      hash: md5
      md5: 84e73c7f3ea64f937c6efdd973a5c5c1
      size: 17147400
